{
  "name": "wmstr",
  "version": "0.0.4",
  "lockfileVersion": 1,
  "requires": true,
  "dependencies": {
    "inline-worker": {
      "version": "https://registry.npmjs.org/inline-worker/-/inline-worker-1.1.0.tgz",
      "integrity": "sha1-VelvVJFaZCsAhyotqm/oMrQkyY0="
    },
    "tunajs": {
      "version": "1.0.0",
      "resolved": "https://registry.npmjs.org/tunajs/-/tunajs-1.0.0.tgz",
      "integrity": "sha1-SI8AoPvpWkwuMKqpEEdr29Xyclg="
    },
    "webaudio-chnl": {
      "version": "0.0.8",
      "resolved": "https://registry.npmjs.org/webaudio-chnl/-/webaudio-chnl-0.0.8.tgz",
      "integrity": "sha512-y4Mg46CM1yp8DweigkD3dQlCv8fVqMLsqV7Kf4XFT02tfO0ayiqityCjFr+6eCOFajSqhd7Uzpu69R+M1NHsGA==",
      "requires": {
        "webaudio-effect-units-collection": "1.0.5"
      }
    },
    "webaudio-effect-unit": {
      "version": "1.1.4",
      "resolved": "https://registry.npmjs.org/webaudio-effect-unit/-/webaudio-effect-unit-1.1.4.tgz",
      "integrity": "sha512-cACj0AwMWV5xAfbpsOZAoN/QmadVV31oUjJB86/3dTUrdv20uZEkUrCYXiO/Do3GnDZXJWKlQQnY7IczYoxEYw=="
    },
    "webaudio-effect-units-collection": {
      "version": "1.0.5",
      "resolved": "https://registry.npmjs.org/webaudio-effect-units-collection/-/webaudio-effect-units-collection-1.0.5.tgz",
      "integrity": "sha512-CrD3eEoJwzI2XA85I/a/7UF3ZThECGE4Gu9Z2fZGoZTzm9w7UxVDJzr6loGtUeCW71xHYuHnky4CY/A89Sbdbw==",
      "requires": {
        "tunajs": "1.0.0",
        "webaudio-effect-unit": "1.1.4"
      }
    },
    "wrecorder": {
      "version": "git://github.com/scriptify/Wrecorder.git#46a04b521ab92ef3efc24d18b4b84f36ac7a362b",
      "integrity": "sha1-cjNheeNb5/imA95eFpa0Pk2l8ms=",
      "requires": {
        "inline-worker": "https://registry.npmjs.org/inline-worker/-/inline-worker-1.1.0.tgz"
      }
    }
  }
}
