{
  "name": "soundcyclejs",
  "version": "0.0.2",
  "lockfileVersion": 1,
  "requires": true,
  "dependencies": {
    "audiobufferchnl": {
      "version": "0.0.2",
      "resolved": "https://registry.npmjs.org/audiobufferchnl/-/audiobufferchnl-0.0.2.tgz",
      "integrity": "sha512-CLKqmFmBBhNI5924SCzn1q5OXvWGWhQWUE1ZPnyVeoQ59zMO0dIjn68WFkNDnpy4/8fV9H9j9bokzyuOD+27UQ==",
      "requires": {
        "webaudio-chnl": "0.0.8"
      }
    },
    "audiolooper": {
      "version": "0.0.10",
      "resolved": "https://registry.npmjs.org/audiolooper/-/audiolooper-0.0.10.tgz",
      "integrity": "sha512-RNE/215YQ/1hViQC9j1jmmmep1vHRcT0kSCiPbK5o+7lJPrNAkU7JnnkMI03XnfNzmGQrFibQp+76Wgz1bJsUw=="
    },
    "inline-worker": {
      "version": "1.1.0",
      "resolved": "https://registry.npmjs.org/inline-worker/-/inline-worker-1.1.0.tgz",
      "integrity": "sha1-VelvVJFaZCsAhyotqm/oMrQkyY0="
    },
    "recordy": {
      "version": "0.0.5",
      "resolved": "https://registry.npmjs.org/recordy/-/recordy-0.0.5.tgz",
      "integrity": "sha512-oxhK7yJX0mEcSnTL6yaZbma3o+azfnRn4DzpV5J5usj5DHS+y3IN2V9lXECVBTBjExQn4TUNE+GWJk/KVXE7WA==",
      "requires": {
        "webaudio-chnl": "0.0.8",
        "wrecorder": "github:scriptify/Wrecorder#46a04b521ab92ef3efc24d18b4b84f36ac7a362b"
      }
    },
    "tunajs": {
      "version": "1.0.0",
      "resolved": "https://registry.npmjs.org/tunajs/-/tunajs-1.0.0.tgz",
      "integrity": "sha1-SI8AoPvpWkwuMKqpEEdr29Xyclg="
    },
    "uuid": {
      "version": "3.1.0",
      "resolved": "https://registry.npmjs.org/uuid/-/uuid-3.1.0.tgz",
      "integrity": "sha512-DIWtzUkw04M4k3bf1IcpS2tngXEL26YUD2M0tMDUpnUrz2hgzUBlD55a4FjdLGPvfHxS6uluGWvaVEqgBcVa+g=="
    },
    "webaudio-chnl": {
      "version": "0.0.8",
      "resolved": "https://registry.npmjs.org/webaudio-chnl/-/webaudio-chnl-0.0.8.tgz",
      "integrity": "sha512-y4Mg46CM1yp8DweigkD3dQlCv8fVqMLsqV7Kf4XFT02tfO0ayiqityCjFr+6eCOFajSqhd7Uzpu69R+M1NHsGA==",
      "requires": {
        "webaudio-effect-units-collection": "1.0.5"
      }
    },
    "webaudio-effect-unit": {
      "version": "1.1.4",
      "resolved": "https://registry.npmjs.org/webaudio-effect-unit/-/webaudio-effect-unit-1.1.4.tgz",
      "integrity": "sha512-cACj0AwMWV5xAfbpsOZAoN/QmadVV31oUjJB86/3dTUrdv20uZEkUrCYXiO/Do3GnDZXJWKlQQnY7IczYoxEYw=="
    },
    "webaudio-effect-units-collection": {
      "version": "1.0.5",
      "resolved": "https://registry.npmjs.org/webaudio-effect-units-collection/-/webaudio-effect-units-collection-1.0.5.tgz",
      "integrity": "sha512-CrD3eEoJwzI2XA85I/a/7UF3ZThECGE4Gu9Z2fZGoZTzm9w7UxVDJzr6loGtUeCW71xHYuHnky4CY/A89Sbdbw==",
      "requires": {
        "tunajs": "1.0.0",
        "webaudio-effect-unit": "1.1.4"
      }
    },
    "wmstr": {
      "version": "0.0.5",
      "resolved": "https://registry.npmjs.org/wmstr/-/wmstr-0.0.5.tgz",
      "integrity": "sha512-1t/u/OZIR5nepNfeNFwqRx5v/eJ5iJ2c4YifmI77BrbcBOcWK+K6S06JLULej70v1vsVzSF0ThRORIWPieOfeg==",
      "requires": {
        "webaudio-chnl": "0.0.8",
        "wrecorder": "github:scriptify/Wrecorder#46a04b521ab92ef3efc24d18b4b84f36ac7a362b"
      }
    },
    "wrecorder": {
      "version": "github:scriptify/Wrecorder#46a04b521ab92ef3efc24d18b4b84f36ac7a362b",
      "requires": {
        "inline-worker": "1.1.0"
      }
    }
  }
}
